
Microsoft Visual Studio Solution File, Format Version 12.00
# Visual Studio Version 17
VisualStudioVersion = 17.3.32901.215
MinimumVisualStudioVersion = 10.0.40219.1
Project("{9A19103F-16F7-4668-BE54-9A1E7A4F7556}") = "RequestSimulator.API", "RequestSimulator.API\RequestSimulator.API.csproj", "{3FB0F604-1E36-4FFB-AEE8-F9C73C9BE6BB}"
EndProject
Project("{2150E333-8FDC-42A3-9474-1A3956D46DE8}") = "Core", "Core", "{8D1BEA0D-0219-43BD-BFC7-A24E633C94BD}"
EndProject
Project("{9A19103F-16F7-4668-BE54-9A1E7A4F7556}") = "RequestSimulator.Application", "RequestSimulator.Application\RequestSimulator.Application.csproj", "{B04D38E7-A3FE-425A-805E-DD41D12DCA8D}"
EndProject
Project("{FAE04EC0-301F-11D3-BF4B-00C04F79EFBC}") = "RequestSimulator.Configuration", "RequestSimulator.Configuration\RequestSimulator.Configuration.csproj", "{91F85260-9072-4318-8E07-DA0C13B183B9}"
EndProject
Global
	GlobalSection(SolutionConfigurationPlatforms) = preSolution
		Debug|Any CPU = Debug|Any CPU
		Release|Any CPU = Release|Any CPU
	EndGlobalSection
	GlobalSection(ProjectConfigurationPlatforms) = postSolution
		{3FB0F604-1E36-4FFB-AEE8-F9C73C9BE6BB}.Debug|Any CPU.ActiveCfg = Debug|Any CPU
		{3FB0F604-1E36-4FFB-AEE8-F9C73C9BE6BB}.Debug|Any CPU.Build.0 = Debug|Any CPU
		{3FB0F604-1E36-4FFB-AEE8-F9C73C9BE6BB}.Release|Any CPU.ActiveCfg = Release|Any CPU
		{3FB0F604-1E36-4FFB-AEE8-F9C73C9BE6BB}.Release|Any CPU.Build.0 = Release|Any CPU
		{B04D38E7-A3FE-425A-805E-DD41D12DCA8D}.Debug|Any CPU.ActiveCfg = Debug|Any CPU
		{B04D38E7-A3FE-425A-805E-DD41D12DCA8D}.Debug|Any CPU.Build.0 = Debug|Any CPU
		{B04D38E7-A3FE-425A-805E-DD41D12DCA8D}.Release|Any CPU.ActiveCfg = Release|Any CPU
		{B04D38E7-A3FE-425A-805E-DD41D12DCA8D}.Release|Any CPU.Build.0 = Release|Any CPU
		{91F85260-9072-4318-8E07-DA0C13B183B9}.Debug|Any CPU.ActiveCfg = Debug|Any CPU
		{91F85260-9072-4318-8E07-DA0C13B183B9}.Debug|Any CPU.Build.0 = Debug|Any CPU
		{91F85260-9072-4318-8E07-DA0C13B183B9}.Release|Any CPU.ActiveCfg = Release|Any CPU
		{91F85260-9072-4318-8E07-DA0C13B183B9}.Release|Any CPU.Build.0 = Release|Any CPU
	EndGlobalSection
	GlobalSection(SolutionProperties) = preSolution
		HideSolutionNode = FALSE
	EndGlobalSection
	GlobalSection(NestedProjects) = preSolution
		{B04D38E7-A3FE-425A-805E-DD41D12DCA8D} = {8D1BEA0D-0219-43BD-BFC7-A24E633C94BD}
	EndGlobalSection
	GlobalSection(ExtensibilityGlobals) = postSolution
		SolutionGuid = {FF6922E2-F417-44F6-BD41-8DC9A758C327}
	EndGlobalSection
EndGlobal
